// !$*UTF8*$!
{
	archiveVersion = 1;
	classes = {
	};
	objectVersion = 46;
	objects = {

/* Begin PBXBuildFile section */
		0FE3F9E61E305D200046FE00 /* NSMutableArray+Category.m in Sources */ = {isa = PBXBuildFile; fileRef = 0FE3F99E1E305D200046FE00 /* NSMutableArray+Category.m */; };
		0FE3F9E71E305D200046FE00 /* NSString+Category.m in Sources */ = {isa = PBXBuildFile; fileRef = 0FE3F9A01E305D200046FE00 /* NSString+Category.m */; };
		0FE3F9E81E305D200046FE00 /* UIAlertController+Category.m in Sources */ = {isa = PBXBuildFile; fileRef = 0FE3F9A31E305D200046FE00 /* UIAlertController+Category.m */; };
		0FE3F9E91E305D200046FE00 /* UIBarButtonItem+Category.m in Sources */ = {isa = PBXBuildFile; fileRef = 0FE3F9A51E305D200046FE00 /* UIBarButtonItem+Category.m */; };
		0FE3F9EA1E305D200046FE00 /* UIImage+Category.m in Sources */ = {isa = PBXBuildFile; fileRef = 0FE3F9A71E305D200046FE00 /* UIImage+Category.m */; };
		0FE3F9EB1E305D200046FE00 /* UITextField+Category.m in Sources */ = {isa = PBXBuildFile; fileRef = 0FE3F9A91E305D200046FE00 /* UITextField+Category.m */; };
		0FE3F9EC1E305D200046FE00 /* UITextViewWithPlaceholder.m in Sources */ = {isa = PBXBuildFile; fileRef = 0FE3F9AB1E305D200046FE00 /* UITextViewWithPlaceholder.m */; };
		0FE3F9ED1E305D200046FE00 /* UIView+Category.m in Sources */ = {isa = PBXBuildFile; fileRef = 0FE3F9AD1E305D200046FE00 /* UIView+Category.m */; };
		0FE3F9EE1E305D200046FE00 /* UIViewController+Category.m in Sources */ = {isa = PBXBuildFile; fileRef = 0FE3F9AF1E305D200046FE00 /* UIViewController+Category.m */; };
		0FE3F9EF1E305D200046FE00 /* MTLJSONAdapterWithoutNil.m in Sources */ = {isa = PBXBuildFile; fileRef = 0FE3F9B31E305D200046FE00 /* MTLJSONAdapterWithoutNil.m */; };
		0FE3F9F01E305D200046FE00 /* MBProgressHUD+Category.m in Sources */ = {isa = PBXBuildFile; fileRef = 0FE3F9B61E305D200046FE00 /* MBProgressHUD+Category.m */; };
		0FE3F9F11E305D200046FE00 /* MBProgressHUD.bundle in Resources */ = {isa = PBXBuildFile; fileRef = 0FE3F9B71E305D200046FE00 /* MBProgressHUD.bundle */; };
		0FE3F9F21E305D200046FE00 /* NSString+Emojize.m in Sources */ = {isa = PBXBuildFile; fileRef = 0FE3F9BB1E305D200046FE00 /* NSString+Emojize.m */; };
		0FE3F9F31E305D200046FE00 /* UIImageView+SDWebImageCategory.m in Sources */ = {isa = PBXBuildFile; fileRef = 0FE3F9BE1E305D200046FE00 /* UIImageView+SDWebImageCategory.m */; };
		0FE3F9F41E305D200046FE00 /* SVWebViewController.strings in Resources */ = {isa = PBXBuildFile; fileRef = 0FE3F9C01E305D200046FE00 /* SVWebViewController.strings */; };
		0FE3F9F51E305D200046FE00 /* SVModalWebViewController.m in Sources */ = {isa = PBXBuildFile; fileRef = 0FE3F9CA1E305D200046FE00 /* SVModalWebViewController.m */; };
		0FE3F9F61E305D200046FE00 /* SVWebViewController.bundle in Resources */ = {isa = PBXBuildFile; fileRef = 0FE3F9CB1E305D200046FE00 /* SVWebViewController.bundle */; };
		0FE3F9F71E305D200046FE00 /* SVWebViewController.m in Sources */ = {isa = PBXBuildFile; fileRef = 0FE3F9CD1E305D200046FE00 /* SVWebViewController.m */; };
		0FE3F9F81E305D200046FE00 /* SVWebViewControllerActivityChrome-iPad.png in Resources */ = {isa = PBXBuildFile; fileRef = 0FE3F9D01E305D200046FE00 /* SVWebViewControllerActivityChrome-iPad.png */; };
		0FE3F9F91E305D200046FE00 /* SVWebViewControllerActivityChrome-iPad@2x.png in Resources */ = {isa = PBXBuildFile; fileRef = 0FE3F9D11E305D200046FE00 /* SVWebViewControllerActivityChrome-iPad@2x.png */; };
		0FE3F9FA1E305D200046FE00 /* SVWebViewControllerActivityChrome.m in Sources */ = {isa = PBXBuildFile; fileRef = 0FE3F9D31E305D200046FE00 /* SVWebViewControllerActivityChrome.m */; };
		0FE3F9FB1E305D200046FE00 /* SVWebViewControllerActivityChrome@2x.png in Resources */ = {isa = PBXBuildFile; fileRef = 0FE3F9D41E305D200046FE00 /* SVWebViewControllerActivityChrome@2x.png */; };
		0FE3F9FC1E305D200046FE00 /* SVWebViewControllerActivitySafari-iPad.png in Resources */ = {isa = PBXBuildFile; fileRef = 0FE3F9D61E305D200046FE00 /* SVWebViewControllerActivitySafari-iPad.png */; };
		0FE3F9FD1E305D200046FE00 /* SVWebViewControllerActivitySafari-iPad@2x.png in Resources */ = {isa = PBXBuildFile; fileRef = 0FE3F9D71E305D200046FE00 /* SVWebViewControllerActivitySafari-iPad@2x.png */; };
		0FE3F9FE1E305D200046FE00 /* SVWebViewControllerActivitySafari.m in Sources */ = {isa = PBXBuildFile; fileRef = 0FE3F9D91E305D200046FE00 /* SVWebViewControllerActivitySafari.m */; };
		0FE3F9FF1E305D200046FE00 /* SVWebViewControllerActivitySafari@2x.png in Resources */ = {isa = PBXBuildFile; fileRef = 0FE3F9DA1E305D200046FE00 /* SVWebViewControllerActivitySafari@2x.png */; };
		0FE3FA001E305D200046FE00 /* SVWebViewControllerActivity.m in Sources */ = {isa = PBXBuildFile; fileRef = 0FE3F9DC1E305D200046FE00 /* SVWebViewControllerActivity.m */; };
		0FE3FA011E305D200046FE00 /* YCChineseCalendar.m in Sources */ = {isa = PBXBuildFile; fileRef = 0FE3F9E11E305D200046FE00 /* YCChineseCalendar.m */; };
		0FE3FA021E305D200046FE00 /* YCHttpUtils.m in Sources */ = {isa = PBXBuildFile; fileRef = 0FE3F9E31E305D200046FE00 /* YCHttpUtils.m */; };
		0FE3FA031E305D200046FE00 /* YCNumberUtils.m in Sources */ = {isa = PBXBuildFile; fileRef = 0FE3F9E51E305D200046FE00 /* YCNumberUtils.m */; };
		0FE3FA091E305D350046FE00 /* AppDelegate.m in Sources */ = {isa = PBXBuildFile; fileRef = 0FE3FA061E305D350046FE00 /* AppDelegate.m */; };
		0FE3FA0A1E305D350046FE00 /* Info.plist in Resources */ = {isa = PBXBuildFile; fileRef = 0FE3FA071E305D350046FE00 /* Info.plist */; };
		0FE3FA0B1E305D350046FE00 /* main.m in Sources */ = {isa = PBXBuildFile; fileRef = 0FE3FA081E305D350046FE00 /* main.m */; };
		7DCD74D0DE4519729276320E /* Pods_YCHelpKit.framework in Frameworks */ = {isa = PBXBuildFile; fileRef = EB7FE47E9CDC1577E6B9C9A4 /* Pods_YCHelpKit.framework */; };
/* End PBXBuildFile section */

/* Begin PBXFileReference section */
		0FDAAC2E1D649DC8007FE68C /* YCHelpKit.app */ = {isa = PBXFileReference; explicitFileType = wrapper.application; includeInIndex = 0; path = YCHelpKit.app; sourceTree = BUILT_PRODUCTS_DIR; };
		0FE3F99D1E305D200046FE00 /* NSMutableArray+Category.h */ = {isa = PBXFileReference; fileEncoding = 4; lastKnownFileType = sourcecode.c.h; path = "NSMutableArray+Category.h"; sourceTree = "<group>"; };
		0FE3F99E1E305D200046FE00 /* NSMutableArray+Category.m */ = {isa = PBXFileReference; fileEncoding = 4; lastKnownFileType = sourcecode.c.objc; path = "NSMutableArray+Category.m"; sourceTree = "<group>"; };
		0FE3F99F1E305D200046FE00 /* NSString+Category.h */ = {isa = PBXFileReference; fileEncoding = 4; lastKnownFileType = sourcecode.c.h; path = "NSString+Category.h"; sourceTree = "<group>"; };
		0FE3F9A01E305D200046FE00 /* NSString+Category.m */ = {isa = PBXFileReference; fileEncoding = 4; lastKnownFileType = sourcecode.c.objc; path = "NSString+Category.m"; sourceTree = "<group>"; };
		0FE3F9A21E305D200046FE00 /* UIAlertController+Category.h */ = {isa = PBXFileReference; fileEncoding = 4; lastKnownFileType = sourcecode.c.h; path = "UIAlertController+Category.h"; sourceTree = "<group>"; };
		0FE3F9A31E305D200046FE00 /* UIAlertController+Category.m */ = {isa = PBXFileReference; fileEncoding = 4; lastKnownFileType = sourcecode.c.objc; path = "UIAlertController+Category.m"; sourceTree = "<group>"; };
		0FE3F9A41E305D200046FE00 /* UIBarButtonItem+Category.h */ = {isa = PBXFileReference; fileEncoding = 4; lastKnownFileType = sourcecode.c.h; path = "UIBarButtonItem+Category.h"; sourceTree = "<group>"; };
		0FE3F9A51E305D200046FE00 /* UIBarButtonItem+Category.m */ = {isa = PBXFileReference; fileEncoding = 4; lastKnownFileType = sourcecode.c.objc; path = "UIBarButtonItem+Category.m"; sourceTree = "<group>"; };
		0FE3F9A61E305D200046FE00 /* UIImage+Category.h */ = {isa = PBXFileReference; fileEncoding = 4; lastKnownFileType = sourcecode.c.h; path = "UIImage+Category.h"; sourceTree = "<group>"; };
		0FE3F9A71E305D200046FE00 /* UIImage+Category.m */ = {isa = PBXFileReference; fileEncoding = 4; lastKnownFileType = sourcecode.c.objc; path = "UIImage+Category.m"; sourceTree = "<group>"; };
		0FE3F9A81E305D200046FE00 /* UITextField+Category.h */ = {isa = PBXFileReference; fileEncoding = 4; lastKnownFileType = sourcecode.c.h; path = "UITextField+Category.h"; sourceTree = "<group>"; };
		0FE3F9A91E305D200046FE00 /* UITextField+Category.m */ = {isa = PBXFileReference; fileEncoding = 4; lastKnownFileType = sourcecode.c.objc; path = "UITextField+Category.m"; sourceTree = "<group>"; };
		0FE3F9AA1E305D200046FE00 /* UITextViewWithPlaceholder.h */ = {isa = PBXFileReference; fileEncoding = 4; lastKnownFileType = sourcecode.c.h; path = UITextViewWithPlaceholder.h; sourceTree = "<group>"; };
		0FE3F9AB1E305D200046FE00 /* UITextViewWithPlaceholder.m */ = {isa = PBXFileReference; fileEncoding = 4; lastKnownFileType = sourcecode.c.objc; path = UITextViewWithPlaceholder.m; sourceTree = "<group>"; };
		0FE3F9AC1E305D200046FE00 /* UIView+Category.h */ = {isa = PBXFileReference; fileEncoding = 4; lastKnownFileType = sourcecode.c.h; path = "UIView+Category.h"; sourceTree = "<group>"; };
		0FE3F9AD1E305D200046FE00 /* UIView+Category.m */ = {isa = PBXFileReference; fileEncoding = 4; lastKnownFileType = sourcecode.c.objc; path = "UIView+Category.m"; sourceTree = "<group>"; };
		0FE3F9AE1E305D200046FE00 /* UIViewController+Category.h */ = {isa = PBXFileReference; fileEncoding = 4; lastKnownFileType = sourcecode.c.h; path = "UIViewController+Category.h"; sourceTree = "<group>"; };
		0FE3F9AF1E305D200046FE00 /* UIViewController+Category.m */ = {isa = PBXFileReference; fileEncoding = 4; lastKnownFileType = sourcecode.c.objc; path = "UIViewController+Category.m"; sourceTree = "<group>"; };
		0FE3F9B21E305D200046FE00 /* MTLJSONAdapterWithoutNil.h */ = {isa = PBXFileReference; fileEncoding = 4; lastKnownFileType = sourcecode.c.h; path = MTLJSONAdapterWithoutNil.h; sourceTree = "<group>"; };
		0FE3F9B31E305D200046FE00 /* MTLJSONAdapterWithoutNil.m */ = {isa = PBXFileReference; fileEncoding = 4; lastKnownFileType = sourcecode.c.objc; path = MTLJSONAdapterWithoutNil.m; sourceTree = "<group>"; };
		0FE3F9B51E305D200046FE00 /* MBProgressHUD+Category.h */ = {isa = PBXFileReference; fileEncoding = 4; lastKnownFileType = sourcecode.c.h; path = "MBProgressHUD+Category.h"; sourceTree = "<group>"; };
		0FE3F9B61E305D200046FE00 /* MBProgressHUD+Category.m */ = {isa = PBXFileReference; fileEncoding = 4; lastKnownFileType = sourcecode.c.objc; path = "MBProgressHUD+Category.m"; sourceTree = "<group>"; };
		0FE3F9B71E305D200046FE00 /* MBProgressHUD.bundle */ = {isa = PBXFileReference; lastKnownFileType = "wrapper.plug-in"; path = MBProgressHUD.bundle; sourceTree = "<group>"; };
		0FE3F9B91E305D200046FE00 /* emojis.h */ = {isa = PBXFileReference; fileEncoding = 4; lastKnownFileType = sourcecode.c.h; path = emojis.h; sourceTree = "<group>"; };
		0FE3F9BA1E305D200046FE00 /* NSString+Emojize.h */ = {isa = PBXFileReference; fileEncoding = 4; lastKnownFileType = sourcecode.c.h; path = "NSString+Emojize.h"; sourceTree = "<group>"; };
		0FE3F9BB1E305D200046FE00 /* NSString+Emojize.m */ = {isa = PBXFileReference; fileEncoding = 4; lastKnownFileType = sourcecode.c.objc; path = "NSString+Emojize.m"; sourceTree = "<group>"; };
		0FE3F9BD1E305D200046FE00 /* UIImageView+SDWebImageCategory.h */ = {isa = PBXFileReference; fileEncoding = 4; lastKnownFileType = sourcecode.c.h; path = "UIImageView+SDWebImageCategory.h"; sourceTree = "<group>"; };
		0FE3F9BE1E305D200046FE00 /* UIImageView+SDWebImageCategory.m */ = {isa = PBXFileReference; fileEncoding = 4; lastKnownFileType = sourcecode.c.objc; path = "UIImageView+SDWebImageCategory.m"; sourceTree = "<group>"; };
		0FE3F9C11E305D200046FE00 /* da */ = {isa = PBXFileReference; lastKnownFileType = text.plist.strings; name = da; path = da.lproj/SVWebViewController.strings; sourceTree = "<group>"; };
		0FE3F9C21E305D200046FE00 /* de */ = {isa = PBXFileReference; lastKnownFileType = text.plist.strings; name = de; path = de.lproj/SVWebViewController.strings; sourceTree = "<group>"; };
		0FE3F9C31E305D200046FE00 /* en */ = {isa = PBXFileReference; lastKnownFileType = text.plist.strings; name = en; path = en.lproj/SVWebViewController.strings; sourceTree = "<group>"; };
		0FE3F9C41E305D200046FE00 /* es-ES */ = {isa = PBXFileReference; lastKnownFileType = text.plist.strings; name = "es-ES"; path = "es-ES.lproj/SVWebViewController.strings"; sourceTree = "<group>"; };
		0FE3F9C51E305D200046FE00 /* es */ = {isa = PBXFileReference; lastKnownFileType = text.plist.strings; name = es; path = es.lproj/SVWebViewController.strings; sourceTree = "<group>"; };
		0FE3F9C61E305D200046FE00 /* fr */ = {isa = PBXFileReference; lastKnownFileType = text.plist.strings; name = fr; path = fr.lproj/SVWebViewController.strings; sourceTree = "<group>"; };
		0FE3F9C71E305D200046FE00 /* ja */ = {isa = PBXFileReference; lastKnownFileType = text.plist.strings; name = ja; path = ja.lproj/SVWebViewController.strings; sourceTree = "<group>"; };
		0FE3F9C81E305D200046FE00 /* pt */ = {isa = PBXFileReference; lastKnownFileType = text.plist.strings; name = pt; path = pt.lproj/SVWebViewController.strings; sourceTree = "<group>"; };
		0FE3F9C91E305D200046FE00 /* SVModalWebViewController.h */ = {isa = PBXFileReference; fileEncoding = 4; lastKnownFileType = sourcecode.c.h; path = SVModalWebViewController.h; sourceTree = "<group>"; };
		0FE3F9CA1E305D200046FE00 /* SVModalWebViewController.m */ = {isa = PBXFileReference; fileEncoding = 4; lastKnownFileType = sourcecode.c.objc; path = SVModalWebViewController.m; sourceTree = "<group>"; };
		0FE3F9CB1E305D200046FE00 /* SVWebViewController.bundle */ = {isa = PBXFileReference; lastKnownFileType = "wrapper.plug-in"; path = SVWebViewController.bundle; sourceTree = "<group>"; };
		0FE3F9CC1E305D200046FE00 /* SVWebViewController.h */ = {isa = PBXFileReference; fileEncoding = 4; lastKnownFileType = sourcecode.c.h; path = SVWebViewController.h; sourceTree = "<group>"; };
		0FE3F9CD1E305D200046FE00 /* SVWebViewController.m */ = {isa = PBXFileReference; fileEncoding = 4; lastKnownFileType = sourcecode.c.objc; path = SVWebViewController.m; sourceTree = "<group>"; };
		0FE3F9D01E305D200046FE00 /* SVWebViewControllerActivityChrome-iPad.png */ = {isa = PBXFileReference; lastKnownFileType = image.png; path = "SVWebViewControllerActivityChrome-iPad.png"; sourceTree = "<group>"; };
		0FE3F9D11E305D200046FE00 /* SVWebViewControllerActivityChrome-iPad@2x.png */ = {isa = PBXFileReference; lastKnownFileType = image.png; path = "SVWebViewControllerActivityChrome-iPad@2x.png"; sourceTree = "<group>"; };
		0FE3F9D21E305D200046FE00 /* SVWebViewControllerActivityChrome.h */ = {isa = PBXFileReference; fileEncoding = 4; lastKnownFileType = sourcecode.c.h; path = SVWebViewControllerActivityChrome.h; sourceTree = "<group>"; };
		0FE3F9D31E305D200046FE00 /* SVWebViewControllerActivityChrome.m */ = {isa = PBXFileReference; fileEncoding = 4; lastKnownFileType = sourcecode.c.objc; path = SVWebViewControllerActivityChrome.m; sourceTree = "<group>"; };
		0FE3F9D41E305D200046FE00 /* SVWebViewControllerActivityChrome@2x.png */ = {isa = PBXFileReference; lastKnownFileType = image.png; path = "SVWebViewControllerActivityChrome@2x.png"; sourceTree = "<group>"; };
		0FE3F9D61E305D200046FE00 /* SVWebViewControllerActivitySafari-iPad.png */ = {isa = PBXFileReference; lastKnownFileType = image.png; path = "SVWebViewControllerActivitySafari-iPad.png"; sourceTree = "<group>"; };
		0FE3F9D71E305D200046FE00 /* SVWebViewControllerActivitySafari-iPad@2x.png */ = {isa = PBXFileReference; lastKnownFileType = image.png; path = "SVWebViewControllerActivitySafari-iPad@2x.png"; sourceTree = "<group>"; };
		0FE3F9D81E305D200046FE00 /* SVWebViewControllerActivitySafari.h */ = {isa = PBXFileReference; fileEncoding = 4; lastKnownFileType = sourcecode.c.h; path = SVWebViewControllerActivitySafari.h; sourceTree = "<group>"; };
		0FE3F9D91E305D200046FE00 /* SVWebViewControllerActivitySafari.m */ = {isa = PBXFileReference; fileEncoding = 4; lastKnownFileType = sourcecode.c.objc; path = SVWebViewControllerActivitySafari.m; sourceTree = "<group>"; };
		0FE3F9DA1E305D200046FE00 /* SVWebViewControllerActivitySafari@2x.png */ = {isa = PBXFileReference; lastKnownFileType = image.png; path = "SVWebViewControllerActivitySafari@2x.png"; sourceTree = "<group>"; };
		0FE3F9DB1E305D200046FE00 /* SVWebViewControllerActivity.h */ = {isa = PBXFileReference; fileEncoding = 4; lastKnownFileType = sourcecode.c.h; path = SVWebViewControllerActivity.h; sourceTree = "<group>"; };
		0FE3F9DC1E305D200046FE00 /* SVWebViewControllerActivity.m */ = {isa = PBXFileReference; fileEncoding = 4; lastKnownFileType = sourcecode.c.objc; path = SVWebViewControllerActivity.m; sourceTree = "<group>"; };
		0FE3F9DD1E305D200046FE00 /* zh-Hans */ = {isa = PBXFileReference; lastKnownFileType = text.plist.strings; name = "zh-Hans"; path = "zh-Hans.lproj/SVWebViewController.strings"; sourceTree = "<group>"; };
		0FE3F9DE1E305D200046FE00 /* zh-Hant */ = {isa = PBXFileReference; lastKnownFileType = text.plist.strings; name = "zh-Hant"; path = "zh-Hant.lproj/SVWebViewController.strings"; sourceTree = "<group>"; };
		0FE3F9E01E305D200046FE00 /* YCChineseCalendar.h */ = {isa = PBXFileReference; fileEncoding = 4; lastKnownFileType = sourcecode.c.h; path = YCChineseCalendar.h; sourceTree = "<group>"; };
		0FE3F9E11E305D200046FE00 /* YCChineseCalendar.m */ = {isa = PBXFileReference; fileEncoding = 4; lastKnownFileType = sourcecode.c.objc; path = YCChineseCalendar.m; sourceTree = "<group>"; };
		0FE3F9E21E305D200046FE00 /* YCHttpUtils.h */ = {isa = PBXFileReference; fileEncoding = 4; lastKnownFileType = sourcecode.c.h; path = YCHttpUtils.h; sourceTree = "<group>"; };
		0FE3F9E31E305D200046FE00 /* YCHttpUtils.m */ = {isa = PBXFileReference; fileEncoding = 4; lastKnownFileType = sourcecode.c.objc; path = YCHttpUtils.m; sourceTree = "<group>"; };
		0FE3F9E41E305D200046FE00 /* YCNumberUtils.h */ = {isa = PBXFileReference; fileEncoding = 4; lastKnownFileType = sourcecode.c.h; path = YCNumberUtils.h; sourceTree = "<group>"; };
		0FE3F9E51E305D200046FE00 /* YCNumberUtils.m */ = {isa = PBXFileReference; fileEncoding = 4; lastKnownFileType = sourcecode.c.objc; path = YCNumberUtils.m; sourceTree = "<group>"; };
		0FE3FA051E305D350046FE00 /* AppDelegate.h */ = {isa = PBXFileReference; fileEncoding = 4; lastKnownFileType = sourcecode.c.h; path = AppDelegate.h; sourceTree = "<group>"; };
		0FE3FA061E305D350046FE00 /* AppDelegate.m */ = {isa = PBXFileReference; fileEncoding = 4; lastKnownFileType = sourcecode.c.objc; path = AppDelegate.m; sourceTree = "<group>"; };
		0FE3FA071E305D350046FE00 /* Info.plist */ = {isa = PBXFileReference; fileEncoding = 4; lastKnownFileType = text.plist.xml; path = Info.plist; sourceTree = "<group>"; };
		0FE3FA081E305D350046FE00 /* main.m */ = {isa = PBXFileReference; fileEncoding = 4; lastKnownFileType = sourcecode.c.objc; path = main.m; sourceTree = "<group>"; };
		EB7FE47E9CDC1577E6B9C9A4 /* Pods_YCHelpKit.framework */ = {isa = PBXFileReference; explicitFileType = wrapper.framework; includeInIndex = 0; path = Pods_YCHelpKit.framework; sourceTree = BUILT_PRODUCTS_DIR; };
		F173FCCBD7DB591BA6F7C3C1 /* Pods-YCHelpKit.debug.xcconfig */ = {isa = PBXFileReference; includeInIndex = 1; lastKnownFileType = text.xcconfig; name = "Pods-YCHelpKit.debug.xcconfig"; path = "Pods/Target Support Files/Pods-YCHelpKit/Pods-YCHelpKit.debug.xcconfig"; sourceTree = "<group>"; };
		FF74DB617F743ABA96BB8801 /* Pods-YCHelpKit.release.xcconfig */ = {isa = PBXFileReference; includeInIndex = 1; lastKnownFileType = text.xcconfig; name = "Pods-YCHelpKit.release.xcconfig"; path = "Pods/Target Support Files/Pods-YCHelpKit/Pods-YCHelpKit.release.xcconfig"; sourceTree = "<group>"; };
/* End PBXFileReference section */

/* Begin PBXFrameworksBuildPhase section */
		0FDAAC2B1D649DC8007FE68C /* Frameworks */ = {
			isa = PBXFrameworksBuildPhase;
			buildActionMask = 2147483647;
			files = (
				7DCD74D0DE4519729276320E /* Pods_YCHelpKit.framework in Frameworks */,
			);
			runOnlyForDeploymentPostprocessing = 0;
		};
/* End PBXFrameworksBuildPhase section */

/* Begin PBXGroup section */
		0FDAAC251D649DC8007FE68C = {
			isa = PBXGroup;
			children = (
				0FDAAC301D649DC8007FE68C /* YCHelpKit */,
				0FE3FA041E305D350046FE00 /* YCHelpKitExample */,
				0FDAAC2F1D649DC8007FE68C /* Products */,
				A205808FD1DEE2BA1BD3CE9D /* Pods */,
				AF9E9A1A660359CF60E0DE66 /* Frameworks */,
			);
			sourceTree = "<group>";
		};
		0FDAAC2F1D649DC8007FE68C /* Products */ = {
			isa = PBXGroup;
			children = (
				0FDAAC2E1D649DC8007FE68C /* YCHelpKit.app */,
			);
			name = Products;
			sourceTree = "<group>";
		};
		0FDAAC301D649DC8007FE68C /* YCHelpKit */ = {
			isa = PBXGroup;
			children = (
				0FE3F99B1E305D200046FE00 /* Category */,
				0FE3F9B01E305D200046FE00 /* Lib */,
				0FE3F9DF1E305D200046FE00 /* Utils */,
			);
			path = YCHelpKit;
			sourceTree = "<group>";
		};
		0FE3F99B1E305D200046FE00 /* Category */ = {
			isa = PBXGroup;
			children = (
				0FE3F99C1E305D200046FE00 /* Foundation */,
				0FE3F9A11E305D200046FE00 /* UIKit */,
			);
			path = Category;
			sourceTree = "<group>";
		};
		0FE3F99C1E305D200046FE00 /* Foundation */ = {
			isa = PBXGroup;
			children = (
				0FE3F99D1E305D200046FE00 /* NSMutableArray+Category.h */,
				0FE3F99E1E305D200046FE00 /* NSMutableArray+Category.m */,
				0FE3F99F1E305D200046FE00 /* NSString+Category.h */,
				0FE3F9A01E305D200046FE00 /* NSString+Category.m */,
			);
			path = Foundation;
			sourceTree = "<group>";
		};
		0FE3F9A11E305D200046FE00 /* UIKit */ = {
			isa = PBXGroup;
			children = (
				0FE3F9A21E305D200046FE00 /* UIAlertController+Category.h */,
				0FE3F9A31E305D200046FE00 /* UIAlertController+Category.m */,
				0FE3F9A41E305D200046FE00 /* UIBarButtonItem+Category.h */,
				0FE3F9A51E305D200046FE00 /* UIBarButtonItem+Category.m */,
				0FE3F9A61E305D200046FE00 /* UIImage+Category.h */,
				0FE3F9A71E305D200046FE00 /* UIImage+Category.m */,
				0FE3F9A81E305D200046FE00 /* UITextField+Category.h */,
				0FE3F9A91E305D200046FE00 /* UITextField+Category.m */,
				0FE3F9AA1E305D200046FE00 /* UITextViewWithPlaceholder.h */,
				0FE3F9AB1E305D200046FE00 /* UITextViewWithPlaceholder.m */,
				0FE3F9AC1E305D200046FE00 /* UIView+Category.h */,
				0FE3F9AD1E305D200046FE00 /* UIView+Category.m */,
				0FE3F9AE1E305D200046FE00 /* UIViewController+Category.h */,
				0FE3F9AF1E305D200046FE00 /* UIViewController+Category.m */,
			);
			path = UIKit;
			sourceTree = "<group>";
		};
		0FE3F9B01E305D200046FE00 /* Lib */ = {
			isa = PBXGroup;
			children = (
				0FE3F9B11E305D200046FE00 /* Mantle */,
				0FE3F9B41E305D200046FE00 /* MBProgressHUD */,
				0FE3F9B81E305D200046FE00 /* NSStringEmojize */,
				0FE3F9BC1E305D200046FE00 /* SDWebImage */,
				0FE3F9BF1E305D200046FE00 /* SVWebViewController */,
			);
			path = Lib;
			sourceTree = "<group>";
		};
		0FE3F9B11E305D200046FE00 /* Mantle */ = {
			isa = PBXGroup;
			children = (
				0FE3F9B21E305D200046FE00 /* MTLJSONAdapterWithoutNil.h */,
				0FE3F9B31E305D200046FE00 /* MTLJSONAdapterWithoutNil.m */,
			);
			path = Mantle;
			sourceTree = "<group>";
		};
		0FE3F9B41E305D200046FE00 /* MBProgressHUD */ = {
			isa = PBXGroup;
			children = (
				0FE3F9B51E305D200046FE00 /* MBProgressHUD+Category.h */,
				0FE3F9B61E305D200046FE00 /* MBProgressHUD+Category.m */,
				0FE3F9B71E305D200046FE00 /* MBProgressHUD.bundle */,
			);
			path = MBProgressHUD;
			sourceTree = "<group>";
		};
		0FE3F9B81E305D200046FE00 /* NSStringEmojize */ = {
			isa = PBXGroup;
			children = (
				0FE3F9B91E305D200046FE00 /* emojis.h */,
				0FE3F9BA1E305D200046FE00 /* NSString+Emojize.h */,
				0FE3F9BB1E305D200046FE00 /* NSString+Emojize.m */,
			);
			path = NSStringEmojize;
			sourceTree = "<group>";
		};
		0FE3F9BC1E305D200046FE00 /* SDWebImage */ = {
			isa = PBXGroup;
			children = (
				0FE3F9BD1E305D200046FE00 /* UIImageView+SDWebImageCategory.h */,
				0FE3F9BE1E305D200046FE00 /* UIImageView+SDWebImageCategory.m */,
			);
			path = SDWebImage;
			sourceTree = "<group>";
		};
		0FE3F9BF1E305D200046FE00 /* SVWebViewController */ = {
			isa = PBXGroup;
			children = (
				0FE3F9C01E305D200046FE00 /* SVWebViewController.strings */,
				0FE3F9C91E305D200046FE00 /* SVModalWebViewController.h */,
				0FE3F9CA1E305D200046FE00 /* SVModalWebViewController.m */,
				0FE3F9CB1E305D200046FE00 /* SVWebViewController.bundle */,
				0FE3F9CC1E305D200046FE00 /* SVWebViewController.h */,
				0FE3F9CD1E305D200046FE00 /* SVWebViewController.m */,
				0FE3F9CE1E305D200046FE00 /* UIActivities */,
			);
			path = SVWebViewController;
			sourceTree = "<group>";
		};
		0FE3F9CE1E305D200046FE00 /* UIActivities */ = {
			isa = PBXGroup;
			children = (
				0FE3F9CF1E305D200046FE00 /* Chrome */,
				0FE3F9D51E305D200046FE00 /* Safari */,
				0FE3F9DB1E305D200046FE00 /* SVWebViewControllerActivity.h */,
				0FE3F9DC1E305D200046FE00 /* SVWebViewControllerActivity.m */,
			);
			path = UIActivities;
			sourceTree = "<group>";
		};
		0FE3F9CF1E305D200046FE00 /* Chrome */ = {
			isa = PBXGroup;
			children = (
				0FE3F9D01E305D200046FE00 /* SVWebViewControllerActivityChrome-iPad.png */,
				0FE3F9D11E305D200046FE00 /* SVWebViewControllerActivityChrome-iPad@2x.png */,
				0FE3F9D21E305D200046FE00 /* SVWebViewControllerActivityChrome.h */,
				0FE3F9D31E305D200046FE00 /* SVWebViewControllerActivityChrome.m */,
				0FE3F9D41E305D200046FE00 /* SVWebViewControllerActivityChrome@2x.png */,
			);
			path = Chrome;
			sourceTree = "<group>";
		};
		0FE3F9D51E305D200046FE00 /* Safari */ = {
			isa = PBXGroup;
			children = (
				0FE3F9D61E305D200046FE00 /* SVWebViewControllerActivitySafari-iPad.png */,
				0FE3F9D71E305D200046FE00 /* SVWebViewControllerActivitySafari-iPad@2x.png */,
				0FE3F9D81E305D200046FE00 /* SVWebViewControllerActivitySafari.h */,
				0FE3F9D91E305D200046FE00 /* SVWebViewControllerActivitySafari.m */,
				0FE3F9DA1E305D200046FE00 /* SVWebViewControllerActivitySafari@2x.png */,
			);
			path = Safari;
			sourceTree = "<group>";
		};
		0FE3F9DF1E305D200046FE00 /* Utils */ = {
			isa = PBXGroup;
			children = (
				0FE3F9E01E305D200046FE00 /* YCChineseCalendar.h */,
				0FE3F9E11E305D200046FE00 /* YCChineseCalendar.m */,
				0FE3F9E21E305D200046FE00 /* YCHttpUtils.h */,
				0FE3F9E31E305D200046FE00 /* YCHttpUtils.m */,
				0FE3F9E41E305D200046FE00 /* YCNumberUtils.h */,
				0FE3F9E51E305D200046FE00 /* YCNumberUtils.m */,
			);
			path = Utils;
			sourceTree = "<group>";
		};
		0FE3FA041E305D350046FE00 /* YCHelpKitExample */ = {
			isa = PBXGroup;
			children = (
				0FE3FA051E305D350046FE00 /* AppDelegate.h */,
				0FE3FA061E305D350046FE00 /* AppDelegate.m */,
				0FE3FA071E305D350046FE00 /* Info.plist */,
				0FE3FA081E305D350046FE00 /* main.m */,
			);
			path = YCHelpKitExample;
			sourceTree = "<group>";
		};
		A205808FD1DEE2BA1BD3CE9D /* Pods */ = {
			isa = PBXGroup;
			children = (
				F173FCCBD7DB591BA6F7C3C1 /* Pods-YCHelpKit.debug.xcconfig */,
				FF74DB617F743ABA96BB8801 /* Pods-YCHelpKit.release.xcconfig */,
			);
			name = Pods;
			sourceTree = "<group>";
		};
		AF9E9A1A660359CF60E0DE66 /* Frameworks */ = {
			isa = PBXGroup;
			children = (
				EB7FE47E9CDC1577E6B9C9A4 /* Pods_YCHelpKit.framework */,
			);
			name = Frameworks;
			sourceTree = "<group>";
		};
/* End PBXGroup section */

/* Begin PBXNativeTarget section */
		0FDAAC2D1D649DC8007FE68C /* YCHelpKit */ = {
			isa = PBXNativeTarget;
			buildConfigurationList = 0FDAAC451D649DC8007FE68C /* Build configuration list for PBXNativeTarget "YCHelpKit" */;
			buildPhases = (
				A14B33788CA0694C931E404E /* [CP] Check Pods Manifest.lock */,
				0FDAAC2A1D649DC8007FE68C /* Sources */,
				0FDAAC2B1D649DC8007FE68C /* Frameworks */,
				0FDAAC2C1D649DC8007FE68C /* Resources */,
				5AD44FBBBB1373BC03510BE2 /* [CP] Embed Pods Frameworks */,
				C7C639D2AC3BB61A5233AB7D /* [CP] Copy Pods Resources */,
			);
			buildRules = (
			);
			dependencies = (
			);
			name = YCHelpKit;
			productName = YCHelpKit;
			productReference = 0FDAAC2E1D649DC8007FE68C /* YCHelpKit.app */;
			productType = "com.apple.product-type.application";
		};
/* End PBXNativeTarget section */

/* Begin PBXProject section */
		0FDAAC261D649DC8007FE68C /* Project object */ = {
			isa = PBXProject;
			attributes = {
				CLASSPREFIX = YC;
				LastUpgradeCheck = 0810;
				ORGANIZATIONNAME = yangc;
				TargetAttributes = {
					0FDAAC2D1D649DC8007FE68C = {
						CreatedOnToolsVersion = 7.3.1;
						DevelopmentTeam = 53E348DHA3;
					};
				};
			};
			buildConfigurationList = 0FDAAC291D649DC8007FE68C /* Build configuration list for PBXProject "YCHelpKit" */;
			compatibilityVersion = "Xcode 3.2";
			developmentRegion = English;
			hasScannedForEncodings = 0;
			knownRegions = (
				en,
				Base,
				da,
				de,
				"es-ES",
				es,
				fr,
				ja,
				pt,
				"zh-Hans",
				"zh-Hant",
			);
			mainGroup = 0FDAAC251D649DC8007FE68C;
			productRefGroup = 0FDAAC2F1D649DC8007FE68C /* Products */;
			projectDirPath = "";
			projectRoot = "";
			targets = (
				0FDAAC2D1D649DC8007FE68C /* YCHelpKit */,
			);
		};
/* End PBXProject section */

/* Begin PBXResourcesBuildPhase section */
		0FDAAC2C1D649DC8007FE68C /* Resources */ = {
			isa = PBXResourcesBuildPhase;
			buildActionMask = 2147483647;
			files = (
				0FE3F9F91E305D200046FE00 /* SVWebViewControllerActivityChrome-iPad@2x.png in Resources */,
				0FE3F9F11E305D200046FE00 /* MBProgressHUD.bundle in Resources */,
				0FE3F9FF1E305D200046FE00 /* SVWebViewControllerActivitySafari@2x.png in Resources */,
				0FE3F9F81E305D200046FE00 /* SVWebViewControllerActivityChrome-iPad.png in Resources */,
				0FE3F9F41E305D200046FE00 /* SVWebViewController.strings in Resources */,
				0FE3F9FC1E305D200046FE00 /* SVWebViewControllerActivitySafari-iPad.png in Resources */,
				0FE3F9FB1E305D200046FE00 /* SVWebViewControllerActivityChrome@2x.png in Resources */,
				0FE3F9FD1E305D200046FE00 /* SVWebViewControllerActivitySafari-iPad@2x.png in Resources */,
				0FE3FA0A1E305D350046FE00 /* Info.plist in Resources */,
				0FE3F9F61E305D200046FE00 /* SVWebViewController.bundle in Resources */,
			);
			runOnlyForDeploymentPostprocessing = 0;
		};
/* End PBXResourcesBuildPhase section */

/* Begin PBXShellScriptBuildPhase section */
		5AD44FBBBB1373BC03510BE2 /* [CP] Embed Pods Frameworks */ = {
			isa = PBXShellScriptBuildPhase;
			buildActionMask = 2147483647;
			files = (
			);
			inputPaths = (
			);
			name = "[CP] Embed Pods Frameworks";
			outputPaths = (
			);
			runOnlyForDeploymentPostprocessing = 0;
			shellPath = /bin/sh;
			shellScript = "\"${SRCROOT}/Pods/Target Support Files/Pods-YCHelpKit/Pods-YCHelpKit-frameworks.sh\"\n";
			showEnvVarsInLog = 0;
		};
		A14B33788CA0694C931E404E /* [CP] Check Pods Manifest.lock */ = {
			isa = PBXShellScriptBuildPhase;
			buildActionMask = 2147483647;
			files = (
			);
			inputPaths = (
			);
			name = "[CP] Check Pods Manifest.lock";
			outputPaths = (
			);
			runOnlyForDeploymentPostprocessing = 0;
			shellPath = /bin/sh;
			shellScript = "diff \"${PODS_ROOT}/../Podfile.lock\" \"${PODS_ROOT}/Manifest.lock\" > /dev/null\nif [[ $? != 0 ]] ; then\n    cat << EOM\nerror: The sandbox is not in sync with the Podfile.lock. Run 'pod install' or update your CocoaPods installation.\nEOM\n    exit 1\nfi\n";
			showEnvVarsInLog = 0;
		};
		C7C639D2AC3BB61A5233AB7D /* [CP] Copy Pods Resources */ = {
			isa = PBXShellScriptBuildPhase;
			buildActionMask = 2147483647;
			files = (
			);
			inputPaths = (
			);
			name = "[CP] Copy Pods Resources";
			outputPaths = (
			);
			runOnlyForDeploymentPostprocessing = 0;
			shellPath = /bin/sh;
			shellScript = "\"${SRCROOT}/Pods/Target Support Files/Pods-YCHelpKit/Pods-YCHelpKit-resources.sh\"\n";
			showEnvVarsInLog = 0;
		};
/* End PBXShellScriptBuildPhase section */

/* Begin PBXSourcesBuildPhase section */
		0FDAAC2A1D649DC8007FE68C /* Sources */ = {
			isa = PBXSourcesBuildPhase;
			buildActionMask = 2147483647;
			files = (
				0FE3FA091E305D350046FE00 /* AppDelegate.m in Sources */,
				0FE3F9E91E305D200046FE00 /* UIBarButtonItem+Category.m in Sources */,
				0FE3F9F71E305D200046FE00 /* SVWebViewController.m in Sources */,
				0FE3F9F01E305D200046FE00 /* MBProgressHUD+Category.m in Sources */,
				0FE3FA031E305D200046FE00 /* YCNumberUtils.m in Sources */,
				0FE3F9E81E305D200046FE00 /* UIAlertController+Category.m in Sources */,
				0FE3F9FE1E305D200046FE00 /* SVWebViewControllerActivitySafari.m in Sources */,
				0FE3FA021E305D200046FE00 /* YCHttpUtils.m in Sources */,
				0FE3F9E61E305D200046FE00 /* NSMutableArray+Category.m in Sources */,
				0FE3F9E71E305D200046FE00 /* NSString+Category.m in Sources */,
				0FE3FA0B1E305D350046FE00 /* main.m in Sources */,
				0FE3F9EF1E305D200046FE00 /* MTLJSONAdapterWithoutNil.m in Sources */,
				0FE3F9FA1E305D200046FE00 /* SVWebViewControllerActivityChrome.m in Sources */,
				0FE3F9EE1E305D200046FE00 /* UIViewController+Category.m in Sources */,
				0FE3F9F21E305D200046FE00 /* NSString+Emojize.m in Sources */,
				0FE3F9EA1E305D200046FE00 /* UIImage+Category.m in Sources */,
				0FE3F9EB1E305D200046FE00 /* UITextField+Category.m in Sources */,
				0FE3F9F51E305D200046FE00 /* SVModalWebViewController.m in Sources */,
				0FE3F9ED1E305D200046FE00 /* UIView+Category.m in Sources */,
				0FE3F9EC1E305D200046FE00 /* UITextViewWithPlaceholder.m in Sources */,
				0FE3F9F31E305D200046FE00 /* UIImageView+SDWebImageCategory.m in Sources */,
				0FE3FA001E305D200046FE00 /* SVWebViewControllerActivity.m in Sources */,
				0FE3FA011E305D200046FE00 /* YCChineseCalendar.m in Sources */,
			);
			runOnlyForDeploymentPostprocessing = 0;
		};
/* End PBXSourcesBuildPhase section */

/* Begin PBXVariantGroup section */
		0FE3F9C01E305D200046FE00 /* SVWebViewController.strings */ = {
			isa = PBXVariantGroup;
			children = (
				0FE3F9C11E305D200046FE00 /* da */,
				0FE3F9C21E305D200046FE00 /* de */,
				0FE3F9C31E305D200046FE00 /* en */,
				0FE3F9C41E305D200046FE00 /* es-ES */,
				0FE3F9C51E305D200046FE00 /* es */,
				0FE3F9C61E305D200046FE00 /* fr */,
				0FE3F9C71E305D200046FE00 /* ja */,
				0FE3F9C81E305D200046FE00 /* pt */,
				0FE3F9DD1E305D200046FE00 /* zh-Hans */,
				0FE3F9DE1E305D200046FE00 /* zh-Hant */,
			);
			name = SVWebViewController.strings;
			sourceTree = "<group>";
		};
/* End PBXVariantGroup section */

/* Begin XCBuildConfiguration section */
		0FDAAC431D649DC8007FE68C /* Debug */ = {
			isa = XCBuildConfiguration;
			buildSettings = {
				ALWAYS_SEARCH_USER_PATHS = NO;
				CLANG_ANALYZER_LOCALIZABILITY_NONLOCALIZED = YES;
				CLANG_ANALYZER_NONNULL = YES;
				CLANG_CXX_LANGUAGE_STANDARD = "gnu++0x";
				CLANG_CXX_LIBRARY = "libc++";
				CLANG_ENABLE_MODULES = YES;
				CLANG_ENABLE_OBJC_ARC = YES;
				CLANG_WARN_BOOL_CONVERSION = YES;
				CLANG_WARN_CONSTANT_CONVERSION = YES;
				CLANG_WARN_DIRECT_OBJC_ISA_USAGE = YES_ERROR;
				CLANG_WARN_EMPTY_BODY = YES;
				CLANG_WARN_ENUM_CONVERSION = YES;
				CLANG_WARN_INFINITE_RECURSION = YES;
				CLANG_WARN_INT_CONVERSION = YES;
				CLANG_WARN_OBJC_ROOT_CLASS = YES_ERROR;
				CLANG_WARN_SUSPICIOUS_MOVE = YES;
				CLANG_WARN_UNREACHABLE_CODE = YES;
				CLANG_WARN__DUPLICATE_METHOD_MATCH = YES;
				"CODE_SIGN_IDENTITY[sdk=iphoneos*]" = "iPhone Developer";
				COPY_PHASE_STRIP = NO;
				DEBUG_INFORMATION_FORMAT = dwarf;
				ENABLE_STRICT_OBJC_MSGSEND = YES;
				ENABLE_TESTABILITY = YES;
				GCC_C_LANGUAGE_STANDARD = gnu99;
				GCC_DYNAMIC_NO_PIC = NO;
				GCC_NO_COMMON_BLOCKS = YES;
				GCC_OPTIMIZATION_LEVEL = 0;
				GCC_PREPROCESSOR_DEFINITIONS = (
					"DEBUG=1",
					"$(inherited)",
				);
				GCC_WARN_64_TO_32_BIT_CONVERSION = YES;
				GCC_WARN_ABOUT_RETURN_TYPE = YES_ERROR;
				GCC_WARN_UNDECLARED_SELECTOR = YES;
				GCC_WARN_UNINITIALIZED_AUTOS = YES_AGGRESSIVE;
				GCC_WARN_UNUSED_FUNCTION = YES;
				GCC_WARN_UNUSED_VARIABLE = YES;
				IPHONEOS_DEPLOYMENT_TARGET = 8.0;
				MTL_ENABLE_DEBUG_INFO = YES;
				ONLY_ACTIVE_ARCH = YES;
				SDKROOT = iphoneos;
			};
			name = Debug;
		};
		0FDAAC441D649DC8007FE68C /* Release */ = {
			isa = XCBuildConfiguration;
			buildSettings = {
				ALWAYS_SEARCH_USER_PATHS = NO;
				CLANG_ANALYZER_LOCALIZABILITY_NONLOCALIZED = YES;
				CLANG_ANALYZER_NONNULL = YES;
				CLANG_CXX_LANGUAGE_STANDARD = "gnu++0x";
				CLANG_CXX_LIBRARY = "libc++";
				CLANG_ENABLE_MODULES = YES;
				CLANG_ENABLE_OBJC_ARC = YES;
				CLANG_WARN_BOOL_CONVERSION = YES;
				CLANG_WARN_CONSTANT_CONVERSION = YES;
				CLANG_WARN_DIRECT_OBJC_ISA_USAGE = YES_ERROR;
				CLANG_WARN_EMPTY_BODY = YES;
				CLANG_WARN_ENUM_CONVERSION = YES;
				CLANG_WARN_INFINITE_RECURSION = YES;
				CLANG_WARN_INT_CONVERSION = YES;
				CLANG_WARN_OBJC_ROOT_CLASS = YES_ERROR;
				CLANG_WARN_SUSPICIOUS_MOVE = YES;
				CLANG_WARN_UNREACHABLE_CODE = YES;
				CLANG_WARN__DUPLICATE_METHOD_MATCH = YES;
				"CODE_SIGN_IDENTITY[sdk=iphoneos*]" = "iPhone Developer";
				COPY_PHASE_STRIP = NO;
				DEBUG_INFORMATION_FORMAT = "dwarf-with-dsym";
				ENABLE_NS_ASSERTIONS = NO;
				ENABLE_STRICT_OBJC_MSGSEND = YES;
				GCC_C_LANGUAGE_STANDARD = gnu99;
				GCC_NO_COMMON_BLOCKS = YES;
				GCC_WARN_64_TO_32_BIT_CONVERSION = YES;
				GCC_WARN_ABOUT_RETURN_TYPE = YES_ERROR;
				GCC_WARN_UNDECLARED_SELECTOR = YES;
				GCC_WARN_UNINITIALIZED_AUTOS = YES_AGGRESSIVE;
				GCC_WARN_UNUSED_FUNCTION = YES;
				GCC_WARN_UNUSED_VARIABLE = YES;
				IPHONEOS_DEPLOYMENT_TARGET = 8.0;
				MTL_ENABLE_DEBUG_INFO = NO;
				SDKROOT = iphoneos;
				VALIDATE_PRODUCT = YES;
			};
			name = Release;
		};
		0FDAAC461D649DC8007FE68C /* Debug */ = {
			isa = XCBuildConfiguration;
			baseConfigurationReference = F173FCCBD7DB591BA6F7C3C1 /* Pods-YCHelpKit.debug.xcconfig */;
			buildSettings = {
				CODE_SIGN_IDENTITY = "iPhone Developer";
				DEVELOPMENT_TEAM = 53E348DHA3;
				INFOPLIST_FILE = "$(SRCROOT)/YCHelpKitExample/Info.plist";
				LD_RUNPATH_SEARCH_PATHS = "$(inherited) @executable_path/Frameworks";
				PRODUCT_BUNDLE_IDENTIFIER = com.yangc.YCHelpKit;
				PRODUCT_NAME = "$(TARGET_NAME)";
			};
			name = Debug;
		};
		0FDAAC471D649DC8007FE68C /* Release */ = {
			isa = XCBuildConfiguration;
			baseConfigurationReference = FF74DB617F743ABA96BB8801 /* Pods-YCHelpKit.release.xcconfig */;
			buildSettings = {
				CODE_SIGN_IDENTITY = "iPhone Developer";
				DEVELOPMENT_TEAM = 53E348DHA3;
				INFOPLIST_FILE = "$(SRCROOT)/YCHelpKitExample/Info.plist";
				LD_RUNPATH_SEARCH_PATHS = "$(inherited) @executable_path/Frameworks";
				PRODUCT_BUNDLE_IDENTIFIER = com.yangc.YCHelpKit;
				PRODUCT_NAME = "$(TARGET_NAME)";
			};
			name = Release;
		};
/* End XCBuildConfiguration section */

/* Begin XCConfigurationList section */
		0FDAAC291D649DC8007FE68C /* Build configuration list for PBXProject "YCHelpKit" */ = {
			isa = XCConfigurationList;
			buildConfigurations = (
				0FDAAC431D649DC8007FE68C /* Debug */,
				0FDAAC441D649DC8007FE68C /* Release */,
			);
			defaultConfigurationIsVisible = 0;
			defaultConfigurationName = Release;
		};
		0FDAAC451D649DC8007FE68C /* Build configuration list for PBXNativeTarget "YCHelpKit" */ = {
			isa = XCConfigurationList;
			buildConfigurations = (
				0FDAAC461D649DC8007FE68C /* Debug */,
				0FDAAC471D649DC8007FE68C /* Release */,
			);
			defaultConfigurationIsVisible = 0;
			defaultConfigurationName = Release;
		};
/* End XCConfigurationList section */
	};
	rootObject = 0FDAAC261D649DC8007FE68C /* Project object */;
}
